# This file is automatically @generated by Cargo.
# It is not intended for manual editing.
[[package]]
name = "derivative"
version = "2.1.1"
source = "registry+https://github.com/rust-lang/crates.io-index"
dependencies = [
 "proc-macro2 1.0.10 (registry+https://github.com/rust-lang/crates.io-index)",
 "quote 1.0.3 (registry+https://github.com/rust-lang/crates.io-index)",
 "syn 1.0.17 (registry+https://github.com/rust-lang/crates.io-index)",
]

[[package]]
name = "nes"
version = "0.1.0"
dependencies = [
 "num_enum 0.4.3 (registry+https://github.com/rust-lang/crates.io-index)",
]

[[package]]
name = "num_enum"
version = "0.4.3"
source = "registry+https://github.com/rust-lang/crates.io-index"
dependencies = [
 "derivative 2.1.1 (registry+https://github.com/rust-lang/crates.io-index)",
 "num_enum_derive 0.4.3 (registry+https://github.com/rust-lang/crates.io-index)",
]

[[package]]
name = "num_enum_derive"
version = "0.4.3"
source = "registry+https://github.com/rust-lang/crates.io-index"
dependencies = [
 "proc-macro-crate 0.1.4 (registry+https://github.com/rust-lang/crates.io-index)",
 "proc-macro2 1.0.10 (registry+https://github.com/rust-lang/crates.io-index)",
 "quote 1.0.3 (registry+https://github.com/rust-lang/crates.io-index)",
 "syn 1.0.17 (registry+https://github.com/rust-lang/crates.io-index)",
]

[[package]]
name = "proc-macro-crate"
version = "0.1.4"
source = "registry+https://github.com/rust-lang/crates.io-index"
dependencies = [
 "toml 0.5.6 (registry+https://github.com/rust-lang/crates.io-index)",
]

[[package]]
name = "proc-macro2"
version = "1.0.10"
source = "registry+https://github.com/rust-lang/crates.io-index"
dependencies = [
 "unicode-xid 0.2.0 (registry+https://github.com/rust-lang/crates.io-index)",
]

[[package]]
name = "quote"
version = "1.0.3"
source = "registry+https://github.com/rust-lang/crates.io-index"
dependencies = [
 "proc-macro2 1.0.10 (registry+https://github.com/rust-lang/crates.io-index)",
]

[[package]]
name = "serde"
version = "1.0.106"
source = "registry+https://github.com/rust-lang/crates.io-index"

[[package]]
name = "syn"
version = "1.0.17"
source = "registry+https://github.com/rust-lang/crates.io-index"
dependencies = [
 "proc-macro2 1.0.10 (registry+https://github.com/rust-lang/crates.io-index)",
 "quote 1.0.3 (registry+https://github.com/rust-lang/crates.io-index)",
 "unicode-xid 0.2.0 (registry+https://github.com/rust-lang/crates.io-index)",
]

[[package]]
name = "toml"
version = "0.5.6"
source = "registry+https://github.com/rust-lang/crates.io-index"
dependencies = [
 "serde 1.0.106 (registry+https://github.com/rust-lang/crates.io-index)",
]

[[package]]
name = "unicode-xid"
version = "0.2.0"
source = "registry+https://github.com/rust-lang/crates.io-index"

[metadata]
"checksum derivative 2.1.1 (registry+https://github.com/rust-lang/crates.io-index)" = "cb582b60359da160a9477ee80f15c8d784c477e69c217ef2cdd4169c24ea380f"
"checksum num_enum 0.4.3 (registry+https://github.com/rust-lang/crates.io-index)" = "ca565a7df06f3d4b485494f25ba05da1435950f4dc263440eda7a6fa9b8e36e4"
"checksum num_enum_derive 0.4.3 (registry+https://github.com/rust-lang/crates.io-index)" = "ffa5a33ddddfee04c0283a7653987d634e880347e96b5b2ed64de07efb59db9d"
"checksum proc-macro-crate 0.1.4 (registry+https://github.com/rust-lang/crates.io-index)" = "e10d4b51f154c8a7fb96fd6dad097cb74b863943ec010ac94b9fd1be8861fe1e"
"checksum proc-macro2 1.0.10 (registry+https://github.com/rust-lang/crates.io-index)" = "df246d292ff63439fea9bc8c0a270bed0e390d5ebd4db4ba15aba81111b5abe3"
"checksum quote 1.0.3 (registry+https://github.com/rust-lang/crates.io-index)" = "2bdc6c187c65bca4260c9011c9e3132efe4909da44726bad24cf7572ae338d7f"
"checksum serde 1.0.106 (registry+https://github.com/rust-lang/crates.io-index)" = "36df6ac6412072f67cf767ebbde4133a5b2e88e76dc6187fa7104cd16f783399"
"checksum syn 1.0.17 (registry+https://github.com/rust-lang/crates.io-index)" = "0df0eb663f387145cab623dea85b09c2c5b4b0aef44e945d928e682fce71bb03"
"checksum toml 0.5.6 (registry+https://github.com/rust-lang/crates.io-index)" = "ffc92d160b1eef40665be3a05630d003936a3bc7da7421277846c2613e92c71a"
"checksum unicode-xid 0.2.0 (registry+https://github.com/rust-lang/crates.io-index)" = "826e7639553986605ec5979c7dd957c7895e93eabed50ab2ffa7f6128a75097c"
